// !$*UTF8*$!
{
	archiveVersion = 1;
	classes = {
	};
	objectVersion = 48;
	objects = {

/* Begin PBXBuildFile section */
		7350782E2060E03E00561A8D /* CreateTodoViewController.swift in Sources */ = {isa = PBXBuildFile; fileRef = 7350782D2060E03E00561A8D /* CreateTodoViewController.swift */; };
		73A97F12205FB56D00226E6A /* TodoItem.swift in Sources */ = {isa = PBXBuildFile; fileRef = 73A97F11205FB56D00226E6A /* TodoItem.swift */; };
		73A97F15205FD71F00226E6A /* TodoDetailsViewController.swift in Sources */ = {isa = PBXBuildFile; fileRef = 73A97F14205FD71F00226E6A /* TodoDetailsViewController.swift */; };
		73CCBD0B205658FD00C9707E /* AppDelegate.swift in Sources */ = {isa = PBXBuildFile; fileRef = 73CCBD0A205658FD00C9707E /* AppDelegate.swift */; };
		73CCBD0D205658FD00C9707E /* TodosListViewController.swift in Sources */ = {isa = PBXBuildFile; fileRef = 73CCBD0C205658FD00C9707E /* TodosListViewController.swift */; };
		73CCBD10205658FD00C9707E /* Main.storyboard in Resources */ = {isa = PBXBuildFile; fileRef = 73CCBD0E205658FD00C9707E /* Main.storyboard */; };
		73CCBD12205658FD00C9707E /* Assets.xcassets in Resources */ = {isa = PBXBuildFile; fileRef = 73CCBD11205658FD00C9707E /* Assets.xcassets */; };
		73CCBD15205658FD00C9707E /* LaunchScreen.storyboard in Resources */ = {isa = PBXBuildFile; fileRef = 73CCBD13205658FD00C9707E /* LaunchScreen.storyboard */; };
		73CCBD20205658FD00C9707E /* MyTodoAppTests.swift in Sources */ = {isa = PBXBuildFile; fileRef = 73CCBD1F205658FD00C9707E /* MyTodoAppTests.swift */; };
		73CCBD2B205658FE00C9707E /* MyTodoAppUITests.swift in Sources */ = {isa = PBXBuildFile; fileRef = 73CCBD2A205658FE00C9707E /* MyTodoAppUITests.swift */; };
		73D0ECB3205F91300086298A /* ApiHandler.swift in Sources */ = {isa = PBXBuildFile; fileRef = 73D0ECB2205F91300086298A /* ApiHandler.swift */; };
		73D0ECB6205F922C0086298A /* Constants.swift in Sources */ = {isa = PBXBuildFile; fileRef = 73D0ECB5205F922C0086298A /* Constants.swift */; };
		73D0ECBB205F98C10086298A /* TodoTableViewCell.swift in Sources */ = {isa = PBXBuildFile; fileRef = 73D0ECBA205F98C10086298A /* TodoTableViewCell.swift */; };
		73D0ECBC205F9F730086298A /* TodoTableViewCell.swift in Sources */ = {isa = PBXBuildFile; fileRef = 73D0ECBA205F98C10086298A /* TodoTableViewCell.swift */; };
		73D0ECBD205F9F740086298A /* TodoTableViewCell.swift in Sources */ = {isa = PBXBuildFile; fileRef = 73D0ECBA205F98C10086298A /* TodoTableViewCell.swift */; };
		7489580F09509BE9F6860E6B /* Pods_MyTodoApp.framework in Frameworks */ = {isa = PBXBuildFile; fileRef = 6622D3621D24575421675964 /* Pods_MyTodoApp.framework */; };
		861242F5B65F024BED4A11E7 /* Pods_MyTodoAppTests.framework in Frameworks */ = {isa = PBXBuildFile; fileRef = 0B0CFD4685DC665B96EFE7E0 /* Pods_MyTodoAppTests.framework */; };
		8721CB787DD9E6280888B36F /* Pods_MyTodoAppUITests.framework in Frameworks */ = {isa = PBXBuildFile; fileRef = EDC5EF95643F565ED8704D96 /* Pods_MyTodoAppUITests.framework */; };
/* End PBXBuildFile section */

/* Begin PBXContainerItemProxy section */
		73CCBD1C205658FD00C9707E /* PBXContainerItemProxy */ = {
			isa = PBXContainerItemProxy;
			containerPortal = 73CCBCFF205658FD00C9707E /* Project object */;
			proxyType = 1;
			remoteGlobalIDString = 73CCBD06205658FD00C9707E;
			remoteInfo = MyTodoApp;
		};
		73CCBD27205658FE00C9707E /* PBXContainerItemProxy */ = {
			isa = PBXContainerItemProxy;
			containerPortal = 73CCBCFF205658FD00C9707E /* Project object */;
			proxyType = 1;
			remoteGlobalIDString = 73CCBD06205658FD00C9707E;
			remoteInfo = MyTodoApp;
		};
/* End PBXContainerItemProxy section */

/* Begin PBXFileReference section */
		0B0CFD4685DC665B96EFE7E0 /* Pods_MyTodoAppTests.framework */ = {isa = PBXFileReference; explicitFileType = wrapper.framework; includeInIndex = 0; path = Pods_MyTodoAppTests.framework; sourceTree = BUILT_PRODUCTS_DIR; };
		1FC2CD72115B7FBF712BA5AC /* Pods-MyTodoAppTests.debug.xcconfig */ = {isa = PBXFileReference; includeInIndex = 1; lastKnownFileType = text.xcconfig; name = "Pods-MyTodoAppTests.debug.xcconfig"; path = "Pods/Target Support Files/Pods-MyTodoAppTests/Pods-MyTodoAppTests.debug.xcconfig"; sourceTree = "<group>"; };
		379C94BD823EC9B511CC0690 /* Pods-MyTodoAppUITests.debug.xcconfig */ = {isa = PBXFileReference; includeInIndex = 1; lastKnownFileType = text.xcconfig; name = "Pods-MyTodoAppUITests.debug.xcconfig"; path = "Pods/Target Support Files/Pods-MyTodoAppUITests/Pods-MyTodoAppUITests.debug.xcconfig"; sourceTree = "<group>"; };
		64542269FA990D0A61611BD5 /* Pods-MyTodoAppUITests.release.xcconfig */ = {isa = PBXFileReference; includeInIndex = 1; lastKnownFileType = text.xcconfig; name = "Pods-MyTodoAppUITests.release.xcconfig"; path = "Pods/Target Support Files/Pods-MyTodoAppUITests/Pods-MyTodoAppUITests.release.xcconfig"; sourceTree = "<group>"; };
		6622D3621D24575421675964 /* Pods_MyTodoApp.framework */ = {isa = PBXFileReference; explicitFileType = wrapper.framework; includeInIndex = 0; path = Pods_MyTodoApp.framework; sourceTree = BUILT_PRODUCTS_DIR; };
		7350782D2060E03E00561A8D /* CreateTodoViewController.swift */ = {isa = PBXFileReference; lastKnownFileType = sourcecode.swift; path = CreateTodoViewController.swift; sourceTree = "<group>"; };
		73A97F11205FB56D00226E6A /* TodoItem.swift */ = {isa = PBXFileReference; lastKnownFileType = sourcecode.swift; path = TodoItem.swift; sourceTree = "<group>"; };
		73A97F14205FD71F00226E6A /* TodoDetailsViewController.swift */ = {isa = PBXFileReference; lastKnownFileType = sourcecode.swift; path = TodoDetailsViewController.swift; sourceTree = "<group>"; };
		73CCBD07205658FD00C9707E /* MyTodoApp.app */ = {isa = PBXFileReference; explicitFileType = wrapper.application; includeInIndex = 0; path = MyTodoApp.app; sourceTree = BUILT_PRODUCTS_DIR; };
		73CCBD0A205658FD00C9707E /* AppDelegate.swift */ = {isa = PBXFileReference; lastKnownFileType = sourcecode.swift; path = AppDelegate.swift; sourceTree = "<group>"; };
		73CCBD0C205658FD00C9707E /* TodosListViewController.swift */ = {isa = PBXFileReference; lastKnownFileType = sourcecode.swift; path = TodosListViewController.swift; sourceTree = "<group>"; };
		73CCBD0F205658FD00C9707E /* Base */ = {isa = PBXFileReference; lastKnownFileType = file.storyboard; name = Base; path = Base.lproj/Main.storyboard; sourceTree = "<group>"; };
		73CCBD11205658FD00C9707E /* Assets.xcassets */ = {isa = PBXFileReference; lastKnownFileType = folder.assetcatalog; path = Assets.xcassets; sourceTree = "<group>"; };
		73CCBD14205658FD00C9707E /* Base */ = {isa = PBXFileReference; lastKnownFileType = file.storyboard; name = Base; path = Base.lproj/LaunchScreen.storyboard; sourceTree = "<group>"; };
		73CCBD16205658FD00C9707E /* Info.plist */ = {isa = PBXFileReference; lastKnownFileType = text.plist.xml; path = Info.plist; sourceTree = "<group>"; };
		73CCBD1B205658FD00C9707E /* MyTodoAppTests.xctest */ = {isa = PBXFileReference; explicitFileType = wrapper.cfbundle; includeInIndex = 0; path = MyTodoAppTests.xctest; sourceTree = BUILT_PRODUCTS_DIR; };
		73CCBD1F205658FD00C9707E /* MyTodoAppTests.swift */ = {isa = PBXFileReference; lastKnownFileType = sourcecode.swift; path = MyTodoAppTests.swift; sourceTree = "<group>"; };
		73CCBD21205658FD00C9707E /* Info.plist */ = {isa = PBXFileReference; lastKnownFileType = text.plist.xml; path = Info.plist; sourceTree = "<group>"; };
		73CCBD26205658FE00C9707E /* MyTodoAppUITests.xctest */ = {isa = PBXFileReference; explicitFileType = wrapper.cfbundle; includeInIndex = 0; path = MyTodoAppUITests.xctest; sourceTree = BUILT_PRODUCTS_DIR; };
		73CCBD2A205658FE00C9707E /* MyTodoAppUITests.swift */ = {isa = PBXFileReference; lastKnownFileType = sourcecode.swift; path = MyTodoAppUITests.swift; sourceTree = "<group>"; };
		73CCBD2C205658FE00C9707E /* Info.plist */ = {isa = PBXFileReference; lastKnownFileType = text.plist.xml; path = Info.plist; sourceTree = "<group>"; };
		73D0ECB2205F91300086298A /* ApiHandler.swift */ = {isa = PBXFileReference; lastKnownFileType = sourcecode.swift; path = ApiHandler.swift; sourceTree = "<group>"; };
		73D0ECB5205F922C0086298A /* Constants.swift */ = {isa = PBXFileReference; lastKnownFileType = sourcecode.swift; path = Constants.swift; sourceTree = "<group>"; };
		73D0ECBA205F98C10086298A /* TodoTableViewCell.swift */ = {isa = PBXFileReference; lastKnownFileType = sourcecode.swift; path = TodoTableViewCell.swift; sourceTree = "<group>"; };
		78E3929F5BFCBD35CC575571 /* Pods-MyTodoApp.debug.xcconfig */ = {isa = PBXFileReference; includeInIndex = 1; lastKnownFileType = text.xcconfig; name = "Pods-MyTodoApp.debug.xcconfig"; path = "Pods/Target Support Files/Pods-MyTodoApp/Pods-MyTodoApp.debug.xcconfig"; sourceTree = "<group>"; };
		8739CF5DFAC63D65332C6475 /* Pods-MyTodoAppTests.release.xcconfig */ = {isa = PBXFileReference; includeInIndex = 1; lastKnownFileType = text.xcconfig; name = "Pods-MyTodoAppTests.release.xcconfig"; path = "Pods/Target Support Files/Pods-MyTodoAppTests/Pods-MyTodoAppTests.release.xcconfig"; sourceTree = "<group>"; };
		EDC5EF95643F565ED8704D96 /* Pods_MyTodoAppUITests.framework */ = {isa = PBXFileReference; explicitFileType = wrapper.framework; includeInIndex = 0; path = Pods_MyTodoAppUITests.framework; sourceTree = BUILT_PRODUCTS_DIR; };
		FB1C92E61AD4BD71E59DF710 /* Pods-MyTodoApp.release.xcconfig */ = {isa = PBXFileReference; includeInIndex = 1; lastKnownFileType = text.xcconfig; name = "Pods-MyTodoApp.release.xcconfig"; path = "Pods/Target Support Files/Pods-MyTodoApp/Pods-MyTodoApp.release.xcconfig"; sourceTree = "<group>"; };
/* End PBXFileReference section */

/* Begin PBXFrameworksBuildPhase section */
		73CCBD04205658FD00C9707E /* Frameworks */ = {
			isa = PBXFrameworksBuildPhase;
			buildActionMask = 2147483647;
			files = (
				7489580F09509BE9F6860E6B /* Pods_MyTodoApp.framework in Frameworks */,
			);
			runOnlyForDeploymentPostprocessing = 0;
		};
		73CCBD18205658FD00C9707E /* Frameworks */ = {
			isa = PBXFrameworksBuildPhase;
			buildActionMask = 2147483647;
			files = (
				861242F5B65F024BED4A11E7 /* Pods_MyTodoAppTests.framework in Frameworks */,
			);
			runOnlyForDeploymentPostprocessing = 0;
		};
		73CCBD23205658FE00C9707E /* Frameworks */ = {
			isa = PBXFrameworksBuildPhase;
			buildActionMask = 2147483647;
			files = (
				8721CB787DD9E6280888B36F /* Pods_MyTodoAppUITests.framework in Frameworks */,
			);
			runOnlyForDeploymentPostprocessing = 0;
		};
/* End PBXFrameworksBuildPhase section */

/* Begin PBXGroup section */
		2D43083975168A89F207333F /* Frameworks */ = {
			isa = PBXGroup;
			children = (
				6622D3621D24575421675964 /* Pods_MyTodoApp.framework */,
				0B0CFD4685DC665B96EFE7E0 /* Pods_MyTodoAppTests.framework */,
				EDC5EF95643F565ED8704D96 /* Pods_MyTodoAppUITests.framework */,
			);
			name = Frameworks;
			sourceTree = "<group>";
		};
		3AB021C9CEF0C542008C727C /* Pods */ = {
			isa = PBXGroup;
			children = (
				78E3929F5BFCBD35CC575571 /* Pods-MyTodoApp.debug.xcconfig */,
				FB1C92E61AD4BD71E59DF710 /* Pods-MyTodoApp.release.xcconfig */,
				1FC2CD72115B7FBF712BA5AC /* Pods-MyTodoAppTests.debug.xcconfig */,
				8739CF5DFAC63D65332C6475 /* Pods-MyTodoAppTests.release.xcconfig */,
				379C94BD823EC9B511CC0690 /* Pods-MyTodoAppUITests.debug.xcconfig */,
				64542269FA990D0A61611BD5 /* Pods-MyTodoAppUITests.release.xcconfig */,
			);
			name = Pods;
			sourceTree = "<group>";
		};
		7350782C2060DFFA00561A8D /* NewTodo */ = {
			isa = PBXGroup;
			children = (
				7350782D2060E03E00561A8D /* CreateTodoViewController.swift */,
			);
			path = NewTodo;
			sourceTree = "<group>";
		};
		7350782F2060E61200561A8D /* Extensions */ = {
			isa = PBXGroup;
			children = (
			);
			path = Extensions;
			sourceTree = "<group>";
		};
		73A97F13205FD6F500226E6A /* TodoDetails */ = {
			isa = PBXGroup;
			children = (
				73A97F14205FD71F00226E6A /* TodoDetailsViewController.swift */,
			);
			path = TodoDetails;
			sourceTree = "<group>";
		};
		73CCBCFE205658FD00C9707E = {
			isa = PBXGroup;
			children = (
				73CCBD09205658FD00C9707E /* MyTodoApp */,
				73CCBD1E205658FD00C9707E /* MyTodoAppTests */,
				73CCBD29205658FE00C9707E /* MyTodoAppUITests */,
				73CCBD08205658FD00C9707E /* Products */,
				3AB021C9CEF0C542008C727C /* Pods */,
				2D43083975168A89F207333F /* Frameworks */,
			);
			sourceTree = "<group>";
		};
		73CCBD08205658FD00C9707E /* Products */ = {
			isa = PBXGroup;
			children = (
				73CCBD07205658FD00C9707E /* MyTodoApp.app */,
				73CCBD1B205658FD00C9707E /* MyTodoAppTests.xctest */,
				73CCBD26205658FE00C9707E /* MyTodoAppUITests.xctest */,
			);
			name = Products;
			sourceTree = "<group>";
		};
		73CCBD09205658FD00C9707E /* MyTodoApp */ = {
			isa = PBXGroup;
			children = (
				7350782F2060E61200561A8D /* Extensions */,
				73D0ECB7205F97DF0086298A /* ViewControllers */,
				73D0ECB4205F92120086298A /* CommonConstants */,
				73D0ECB1205F910E0086298A /* WebApi */,
				73D0ECB0205F90FB0086298A /* Models */,
				73CCBD0A205658FD00C9707E /* AppDelegate.swift */,
				73CCBD0E205658FD00C9707E /* Main.storyboard */,
				73CCBD11205658FD00C9707E /* Assets.xcassets */,
				73CCBD13205658FD00C9707E /* LaunchScreen.storyboard */,
				73CCBD16205658FD00C9707E /* Info.plist */,
			);
			path = MyTodoApp;
			sourceTree = "<group>";
		};
		73CCBD1E205658FD00C9707E /* MyTodoAppTests */ = {
			isa = PBXGroup;
			children = (
				73CCBD1F205658FD00C9707E /* MyTodoAppTests.swift */,
				73CCBD21205658FD00C9707E /* Info.plist */,
			);
			path = MyTodoAppTests;
			sourceTree = "<group>";
		};
		73CCBD29205658FE00C9707E /* MyTodoAppUITests */ = {
			isa = PBXGroup;
			children = (
				73CCBD2A205658FE00C9707E /* MyTodoAppUITests.swift */,
				73CCBD2C205658FE00C9707E /* Info.plist */,
			);
			path = MyTodoAppUITests;
			sourceTree = "<group>";
		};
		73D0ECB0205F90FB0086298A /* Models */ = {
			isa = PBXGroup;
			children = (
				73A97F11205FB56D00226E6A /* TodoItem.swift */,
			);
			path = Models;
			sourceTree = "<group>";
		};
		73D0ECB1205F910E0086298A /* WebApi */ = {
			isa = PBXGroup;
			children = (
				73D0ECB2205F91300086298A /* ApiHandler.swift */,
			);
			path = WebApi;
			sourceTree = "<group>";
		};
		73D0ECB4205F92120086298A /* CommonConstants */ = {
			isa = PBXGroup;
			children = (
				73D0ECB5205F922C0086298A /* Constants.swift */,
			);
			path = CommonConstants;
			sourceTree = "<group>";
		};
		73D0ECB7205F97DF0086298A /* ViewControllers */ = {
			isa = PBXGroup;
			children = (
				7350782C2060DFFA00561A8D /* NewTodo */,
				73A97F13205FD6F500226E6A /* TodoDetails */,
				73D0ECB8205F97F50086298A /* Todos */,
			);
			path = ViewControllers;
			sourceTree = "<group>";
		};
		73D0ECB8205F97F50086298A /* Todos */ = {
			isa = PBXGroup;
			children = (
				73CCBD0C205658FD00C9707E /* TodosListViewController.swift */,
				73D0ECB9205F989A0086298A /* Cells */,
			);
			path = Todos;
			sourceTree = "<group>";
		};
		73D0ECB9205F989A0086298A /* Cells */ = {
			isa = PBXGroup;
			children = (
				73D0ECBA205F98C10086298A /* TodoTableViewCell.swift */,
			);
			path = Cells;
			sourceTree = "<group>";
		};
/* End PBXGroup section */

/* Begin PBXNativeTarget section */
		73CCBD06205658FD00C9707E /* MyTodoApp */ = {
			isa = PBXNativeTarget;
			buildConfigurationList = 73CCBD2F205658FE00C9707E /* Build configuration list for PBXNativeTarget "MyTodoApp" */;
			buildPhases = (
				9CDEA3E2018235296A130620 /* [CP] Check Pods Manifest.lock */,
				73CCBD03205658FD00C9707E /* Sources */,
				73CCBD04205658FD00C9707E /* Frameworks */,
				73CCBD05205658FD00C9707E /* Resources */,
				F12FFC1BAD15D0EDECB0EBBC /* [CP] Embed Pods Frameworks */,
				7A46C489FC15763A788778A2 /* [CP] Copy Pods Resources */,
			);
			buildRules = (
			);
			dependencies = (
			);
			name = MyTodoApp;
			productName = MyTodoApp;
			productReference = 73CCBD07205658FD00C9707E /* MyTodoApp.app */;
			productType = "com.apple.product-type.application";
		};
		73CCBD1A205658FD00C9707E /* MyTodoAppTests */ = {
			isa = PBXNativeTarget;
			buildConfigurationList = 73CCBD32205658FE00C9707E /* Build configuration list for PBXNativeTarget "MyTodoAppTests" */;
			buildPhases = (
				6D0E343160E02D04580D9A11 /* [CP] Check Pods Manifest.lock */,
				73CCBD17205658FD00C9707E /* Sources */,
				73CCBD18205658FD00C9707E /* Frameworks */,
				73CCBD19205658FD00C9707E /* Resources */,
				5E3F80ADFE43FFC058CD186C /* [CP] Embed Pods Frameworks */,
				155179D7ECE072CE5274CB28 /* [CP] Copy Pods Resources */,
			);
			buildRules = (
			);
			dependencies = (
				73CCBD1D205658FD00C9707E /* PBXTargetDependency */,
			);
			name = MyTodoAppTests;
			productName = MyTodoAppTests;
			productReference = 73CCBD1B205658FD00C9707E /* MyTodoAppTests.xctest */;
			productType = "com.apple.product-type.bundle.unit-test";
		};
		73CCBD25205658FE00C9707E /* MyTodoAppUITests */ = {
			isa = PBXNativeTarget;
			buildConfigurationList = 73CCBD35205658FE00C9707E /* Build configuration list for PBXNativeTarget "MyTodoAppUITests" */;
			buildPhases = (
				E88D74D66B2F9AFACB74A8B8 /* [CP] Check Pods Manifest.lock */,
				73CCBD22205658FE00C9707E /* Sources */,
				73CCBD23205658FE00C9707E /* Frameworks */,
				73CCBD24205658FE00C9707E /* Resources */,
				3AB99C207EFE0D9C0EEC46F7 /* [CP] Embed Pods Frameworks */,
				CA675AC34C3DE5EDC49CE77D /* [CP] Copy Pods Resources */,
			);
			buildRules = (
			);
			dependencies = (
				73CCBD28205658FE00C9707E /* PBXTargetDependency */,
			);
			name = MyTodoAppUITests;
			productName = MyTodoAppUITests;
			productReference = 73CCBD26205658FE00C9707E /* MyTodoAppUITests.xctest */;
			productType = "com.apple.product-type.bundle.ui-testing";
		};
/* End PBXNativeTarget section */

/* Begin PBXProject section */
		73CCBCFF205658FD00C9707E /* Project object */ = {
			isa = PBXProject;
			attributes = {
				LastSwiftUpdateCheck = 0920;
				LastUpgradeCheck = 0920;
				ORGANIZATIONNAME = "Nikesh Jha";
				TargetAttributes = {
					73CCBD06205658FD00C9707E = {
						CreatedOnToolsVersion = 9.2;
						ProvisioningStyle = Automatic;
					};
					73CCBD1A205658FD00C9707E = {
						CreatedOnToolsVersion = 9.2;
						ProvisioningStyle = Automatic;
						TestTargetID = 73CCBD06205658FD00C9707E;
					};
					73CCBD25205658FE00C9707E = {
						CreatedOnToolsVersion = 9.2;
						ProvisioningStyle = Automatic;
						TestTargetID = 73CCBD06205658FD00C9707E;
					};
				};
			};
			buildConfigurationList = 73CCBD02205658FD00C9707E /* Build configuration list for PBXProject "MyTodoApp" */;
			compatibilityVersion = "Xcode 8.0";
			developmentRegion = en;
			hasScannedForEncodings = 0;
			knownRegions = (
				en,
				Base,
			);
			mainGroup = 73CCBCFE205658FD00C9707E;
			productRefGroup = 73CCBD08205658FD00C9707E /* Products */;
			projectDirPath = "";
			projectRoot = "";
			targets = (
				73CCBD06205658FD00C9707E /* MyTodoApp */,
				73CCBD1A205658FD00C9707E /* MyTodoAppTests */,
				73CCBD25205658FE00C9707E /* MyTodoAppUITests */,
			);
		};
/* End PBXProject section */

/* Begin PBXResourcesBuildPhase section */
		73CCBD05205658FD00C9707E /* Resources */ = {
			isa = PBXResourcesBuildPhase;
			buildActionMask = 2147483647;
			files = (
				73CCBD15205658FD00C9707E /* LaunchScreen.storyboard in Resources */,
				73CCBD12205658FD00C9707E /* Assets.xcassets in Resources */,
				73CCBD10205658FD00C9707E /* Main.storyboard in Resources */,
			);
			runOnlyForDeploymentPostprocessing = 0;
		};
		73CCBD19205658FD00C9707E /* Resources */ = {
			isa = PBXResourcesBuildPhase;
			buildActionMask = 2147483647;
			files = (
			);
			runOnlyForDeploymentPostprocessing = 0;
		};
		73CCBD24205658FE00C9707E /* Resources */ = {
			isa = PBXResourcesBuildPhase;
			buildActionMask = 2147483647;
			files = (
			);
			runOnlyForDeploymentPostprocessing = 0;
		};
/* End PBXResourcesBuildPhase section */

/* Begin PBXShellScriptBuildPhase section */
		155179D7ECE072CE5274CB28 /* [CP] Copy Pods Resources */ = {
			isa = PBXShellScriptBuildPhase;
			buildActionMask = 2147483647;
			files = (
			);
			inputPaths = (
			);
			name = "[CP] Copy Pods Resources";
			outputPaths = (
			);
			runOnlyForDeploymentPostprocessing = 0;
			shellPath = /bin/sh;
			shellScript = "\"${SRCROOT}/Pods/Target Support Files/Pods-MyTodoAppTests/Pods-MyTodoAppTests-resources.sh\"\n";
			showEnvVarsInLog = 0;
		};
		3AB99C207EFE0D9C0EEC46F7 /* [CP] Embed Pods Frameworks */ = {
			isa = PBXShellScriptBuildPhase;
			buildActionMask = 2147483647;
			files = (
			);
			inputPaths = (
			);
			name = "[CP] Embed Pods Frameworks";
			outputPaths = (
			);
			runOnlyForDeploymentPostprocessing = 0;
			shellPath = /bin/sh;
			shellScript = "\"${SRCROOT}/Pods/Target Support Files/Pods-MyTodoAppUITests/Pods-MyTodoAppUITests-frameworks.sh\"\n";
			showEnvVarsInLog = 0;
		};
		5E3F80ADFE43FFC058CD186C /* [CP] Embed Pods Frameworks */ = {
			isa = PBXShellScriptBuildPhase;
			buildActionMask = 2147483647;
			files = (
			);
			inputPaths = (
			);
			name = "[CP] Embed Pods Frameworks";
			outputPaths = (
			);
			runOnlyForDeploymentPostprocessing = 0;
			shellPath = /bin/sh;
			shellScript = "\"${SRCROOT}/Pods/Target Support Files/Pods-MyTodoAppTests/Pods-MyTodoAppTests-frameworks.sh\"\n";
			showEnvVarsInLog = 0;
		};
		6D0E343160E02D04580D9A11 /* [CP] Check Pods Manifest.lock */ = {
			isa = PBXShellScriptBuildPhase;
			buildActionMask = 2147483647;
			files = (
			);
			inputPaths = (
			);
			name = "[CP] Check Pods Manifest.lock";
			outputPaths = (
			);
			runOnlyForDeploymentPostprocessing = 0;
			shellPath = /bin/sh;
			shellScript = "diff \"${PODS_ROOT}/../Podfile.lock\" \"${PODS_ROOT}/Manifest.lock\" > /dev/null\nif [ $? != 0 ] ; then\n    # print error to STDERR\n    echo \"error: The sandbox is not in sync with the Podfile.lock. Run 'pod install' or update your CocoaPods installation.\" >&2\n    exit 1\nfi\n";
			showEnvVarsInLog = 0;
		};
		7A46C489FC15763A788778A2 /* [CP] Copy Pods Resources */ = {
			isa = PBXShellScriptBuildPhase;
			buildActionMask = 2147483647;
			files = (
			);
			inputPaths = (
			);
			name = "[CP] Copy Pods Resources";
			outputPaths = (
			);
			runOnlyForDeploymentPostprocessing = 0;
			shellPath = /bin/sh;
			shellScript = "\"${SRCROOT}/Pods/Target Support Files/Pods-MyTodoApp/Pods-MyTodoApp-resources.sh\"\n";
			showEnvVarsInLog = 0;
		};
		9CDEA3E2018235296A130620 /* [CP] Check Pods Manifest.lock */ = {
			isa = PBXShellScriptBuildPhase;
			buildActionMask = 2147483647;
			files = (
			);
			inputPaths = (
			);
			name = "[CP] Check Pods Manifest.lock";
			outputPaths = (
			);
			runOnlyForDeploymentPostprocessing = 0;
			shellPath = /bin/sh;
			shellScript = "diff \"${PODS_ROOT}/../Podfile.lock\" \"${PODS_ROOT}/Manifest.lock\" > /dev/null\nif [ $? != 0 ] ; then\n    # print error to STDERR\n    echo \"error: The sandbox is not in sync with the Podfile.lock. Run 'pod install' or update your CocoaPods installation.\" >&2\n    exit 1\nfi\n";
			showEnvVarsInLog = 0;
		};
		CA675AC34C3DE5EDC49CE77D /* [CP] Copy Pods Resources */ = {
			isa = PBXShellScriptBuildPhase;
			buildActionMask = 2147483647;
			files = (
			);
			inputPaths = (
			);
			name = "[CP] Copy Pods Resources";
			outputPaths = (
			);
			runOnlyForDeploymentPostprocessing = 0;
			shellPath = /bin/sh;
			shellScript = "\"${SRCROOT}/Pods/Target Support Files/Pods-MyTodoAppUITests/Pods-MyTodoAppUITests-resources.sh\"\n";
			showEnvVarsInLog = 0;
		};
		E88D74D66B2F9AFACB74A8B8 /* [CP] Check Pods Manifest.lock */ = {
			isa = PBXShellScriptBuildPhase;
			buildActionMask = 2147483647;
			files = (
			);
			inputPaths = (
			);
			name = "[CP] Check Pods Manifest.lock";
			outputPaths = (
			);
			runOnlyForDeploymentPostprocessing = 0;
			shellPath = /bin/sh;
			shellScript = "diff \"${PODS_ROOT}/../Podfile.lock\" \"${PODS_ROOT}/Manifest.lock\" > /dev/null\nif [ $? != 0 ] ; then\n    # print error to STDERR\n    echo \"error: The sandbox is not in sync with the Podfile.lock. Run 'pod install' or update your CocoaPods installation.\" >&2\n    exit 1\nfi\n";
			showEnvVarsInLog = 0;
		};
		F12FFC1BAD15D0EDECB0EBBC /* [CP] Embed Pods Frameworks */ = {
			isa = PBXShellScriptBuildPhase;
			buildActionMask = 2147483647;
			files = (
			);
			inputPaths = (
			);
			name = "[CP] Embed Pods Frameworks";
			outputPaths = (
			);
			runOnlyForDeploymentPostprocessing = 0;
			shellPath = /bin/sh;
			shellScript = "\"${SRCROOT}/Pods/Target Support Files/Pods-MyTodoApp/Pods-MyTodoApp-frameworks.sh\"\n";
			showEnvVarsInLog = 0;
		};
/* End PBXShellScriptBuildPhase section */

/* Begin PBXSourcesBuildPhase section */
		73CCBD03205658FD00C9707E /* Sources */ = {
			isa = PBXSourcesBuildPhase;
			buildActionMask = 2147483647;
			files = (
				73CCBD0D205658FD00C9707E /* TodosListViewController.swift in Sources */,
				73A97F15205FD71F00226E6A /* TodoDetailsViewController.swift in Sources */,
				7350782E2060E03E00561A8D /* CreateTodoViewController.swift in Sources */,
				73D0ECB3205F91300086298A /* ApiHandler.swift in Sources */,
				73CCBD0B205658FD00C9707E /* AppDelegate.swift in Sources */,
				73D0ECBB205F98C10086298A /* TodoTableViewCell.swift in Sources */,
				73A97F12205FB56D00226E6A /* TodoItem.swift in Sources */,
				73D0ECB6205F922C0086298A /* Constants.swift in Sources */,
			);
			runOnlyForDeploymentPostprocessing = 0;
		};
		73CCBD17205658FD00C9707E /* Sources */ = {
			isa = PBXSourcesBuildPhase;
			buildActionMask = 2147483647;
			files = (
				73CCBD20205658FD00C9707E /* MyTodoAppTests.swift in Sources */,
				73D0ECBC205F9F730086298A /* TodoTableViewCell.swift in Sources */,
			);
			runOnlyForDeploymentPostprocessing = 0;
		};
		73CCBD22205658FE00C9707E /* Sources */ = {
			isa = PBXSourcesBuildPhase;
			buildActionMask = 2147483647;
			files = (
				73CCBD2B205658FE00C9707E /* MyTodoAppUITests.swift in Sources */,
				73D0ECBD205F9F740086298A /* TodoTableViewCell.swift in Sources */,
			);
			runOnlyForDeploymentPostprocessing = 0;
		};
/* End PBXSourcesBuildPhase section */

/* Begin PBXTargetDependency section */
		73CCBD1D205658FD00C9707E /* PBXTargetDependency */ = {
			isa = PBXTargetDependency;
			target = 73CCBD06205658FD00C9707E /* MyTodoApp */;
			targetProxy = 73CCBD1C205658FD00C9707E /* PBXContainerItemProxy */;
		};
		73CCBD28205658FE00C9707E /* PBXTargetDependency */ = {
			isa = PBXTargetDependency;
			target = 73CCBD06205658FD00C9707E /* MyTodoApp */;
			targetProxy = 73CCBD27205658FE00C9707E /* PBXContainerItemProxy */;
		};
/* End PBXTargetDependency section */

/* Begin PBXVariantGroup section */
		73CCBD0E205658FD00C9707E /* Main.storyboard */ = {
			isa = PBXVariantGroup;
			children = (
				73CCBD0F205658FD00C9707E /* Base */,
			);
			name = Main.storyboard;
			sourceTree = "<group>";
		};
		73CCBD13205658FD00C9707E /* LaunchScreen.storyboard */ = {
			isa = PBXVariantGroup;
			children = (
				73CCBD14205658FD00C9707E /* Base */,
			);
			name = LaunchScreen.storyboard;
			sourceTree = "<group>";
		};
/* End PBXVariantGroup section */

/* Begin XCBuildConfiguration section */
		73CCBD2D205658FE00C9707E /* Debug */ = {
			isa = XCBuildConfiguration;
			buildSettings = {
				ALWAYS_SEARCH_USER_PATHS = NO;
				CLANG_ANALYZER_NONNULL = YES;
				CLANG_ANALYZER_NUMBER_OBJECT_CONVERSION = YES_AGGRESSIVE;
				CLANG_CXX_LANGUAGE_STANDARD = "gnu++14";
				CLANG_CXX_LIBRARY = "libc++";
				CLANG_ENABLE_MODULES = YES;
				CLANG_ENABLE_OBJC_ARC = YES;
				CLANG_WARN_BLOCK_CAPTURE_AUTORELEASING = YES;
				CLANG_WARN_BOOL_CONVERSION = YES;
				CLANG_WARN_COMMA = YES;
				CLANG_WARN_CONSTANT_CONVERSION = YES;
				CLANG_WARN_DIRECT_OBJC_ISA_USAGE = YES_ERROR;
				CLANG_WARN_DOCUMENTATION_COMMENTS = YES;
				CLANG_WARN_EMPTY_BODY = YES;
				CLANG_WARN_ENUM_CONVERSION = YES;
				CLANG_WARN_INFINITE_RECURSION = YES;
				CLANG_WARN_INT_CONVERSION = YES;
				CLANG_WARN_NON_LITERAL_NULL_CONVERSION = YES;
				CLANG_WARN_OBJC_LITERAL_CONVERSION = YES;
				CLANG_WARN_OBJC_ROOT_CLASS = YES_ERROR;
				CLANG_WARN_RANGE_LOOP_ANALYSIS = YES;
				CLANG_WARN_STRICT_PROTOTYPES = YES;
				CLANG_WARN_SUSPICIOUS_MOVE = YES;
				CLANG_WARN_UNGUARDED_AVAILABILITY = YES_AGGRESSIVE;
				CLANG_WARN_UNREACHABLE_CODE = YES;
				CLANG_WARN__DUPLICATE_METHOD_MATCH = YES;
				CODE_SIGN_IDENTITY = "iPhone Developer";
				COPY_PHASE_STRIP = NO;
				DEBUG_INFORMATION_FORMAT = dwarf;
				ENABLE_STRICT_OBJC_MSGSEND = YES;
				ENABLE_TESTABILITY = YES;
				GCC_C_LANGUAGE_STANDARD = gnu11;
				GCC_DYNAMIC_NO_PIC = NO;
				GCC_NO_COMMON_BLOCKS = YES;
				GCC_OPTIMIZATION_LEVEL = 0;
				GCC_PREPROCESSOR_DEFINITIONS = (
					"DEBUG=1",
					"$(inherited)",
				);
				GCC_WARN_64_TO_32_BIT_CONVERSION = YES;
				GCC_WARN_ABOUT_RETURN_TYPE = YES_ERROR;
				GCC_WARN_UNDECLARED_SELECTOR = YES;
				GCC_WARN_UNINITIALIZED_AUTOS = YES_AGGRESSIVE;
				GCC_WARN_UNUSED_FUNCTION = YES;
				GCC_WARN_UNUSED_VARIABLE = YES;
				IPHONEOS_DEPLOYMENT_TARGET = 11.2;
				MTL_ENABLE_DEBUG_INFO = YES;
				ONLY_ACTIVE_ARCH = YES;
				SDKROOT = iphoneos;
				SWIFT_ACTIVE_COMPILATION_CONDITIONS = DEBUG;
				SWIFT_OPTIMIZATION_LEVEL = "-Onone";
			};
			name = Debug;
		};
		73CCBD2E205658FE00C9707E /* Release */ = {
			isa = XCBuildConfiguration;
			buildSettings = {
				ALWAYS_SEARCH_USER_PATHS = NO;
				CLANG_ANALYZER_NONNULL = YES;
				CLANG_ANALYZER_NUMBER_OBJECT_CONVERSION = YES_AGGRESSIVE;
				CLANG_CXX_LANGUAGE_STANDARD = "gnu++14";
				CLANG_CXX_LIBRARY = "libc++";
				CLANG_ENABLE_MODULES = YES;
				CLANG_ENABLE_OBJC_ARC = YES;
				CLANG_WARN_BLOCK_CAPTURE_AUTORELEASING = YES;
				CLANG_WARN_BOOL_CONVERSION = YES;
				CLANG_WARN_COMMA = YES;
				CLANG_WARN_CONSTANT_CONVERSION = YES;
				CLANG_WARN_DIRECT_OBJC_ISA_USAGE = YES_ERROR;
				CLANG_WARN_DOCUMENTATION_COMMENTS = YES;
				CLANG_WARN_EMPTY_BODY = YES;
				CLANG_WARN_ENUM_CONVERSION = YES;
				CLANG_WARN_INFINITE_RECURSION = YES;
				CLANG_WARN_INT_CONVERSION = YES;
				CLANG_WARN_NON_LITERAL_NULL_CONVERSION = YES;
				CLANG_WARN_OBJC_LITERAL_CONVERSION = YES;
				CLANG_WARN_OBJC_ROOT_CLASS = YES_ERROR;
				CLANG_WARN_RANGE_LOOP_ANALYSIS = YES;
				CLANG_WARN_STRICT_PROTOTYPES = YES;
				CLANG_WARN_SUSPICIOUS_MOVE = YES;
				CLANG_WARN_UNGUARDED_AVAILABILITY = YES_AGGRESSIVE;
				CLANG_WARN_UNREACHABLE_CODE = YES;
				CLANG_WARN__DUPLICATE_METHOD_MATCH = YES;
				CODE_SIGN_IDENTITY = "iPhone Developer";
				COPY_PHASE_STRIP = NO;
				DEBUG_INFORMATION_FORMAT = "dwarf-with-dsym";
				ENABLE_NS_ASSERTIONS = NO;
				ENABLE_STRICT_OBJC_MSGSEND = YES;
				GCC_C_LANGUAGE_STANDARD = gnu11;
				GCC_NO_COMMON_BLOCKS = YES;
				GCC_WARN_64_TO_32_BIT_CONVERSION = YES;
				GCC_WARN_ABOUT_RETURN_TYPE = YES_ERROR;
				GCC_WARN_UNDECLARED_SELECTOR = YES;
				GCC_WARN_UNINITIALIZED_AUTOS = YES_AGGRESSIVE;
				GCC_WARN_UNUSED_FUNCTION = YES;
				GCC_WARN_UNUSED_VARIABLE = YES;
				IPHONEOS_DEPLOYMENT_TARGET = 11.2;
				MTL_ENABLE_DEBUG_INFO = NO;
				SDKROOT = iphoneos;
				SWIFT_OPTIMIZATION_LEVEL = "-Owholemodule";
				VALIDATE_PRODUCT = YES;
			};
			name = Release;
		};
		73CCBD30205658FE00C9707E /* Debug */ = {
			isa = XCBuildConfiguration;
			baseConfigurationReference = 78E3929F5BFCBD35CC575571 /* Pods-MyTodoApp.debug.xcconfig */;
			buildSettings = {
				ASSETCATALOG_COMPILER_APPICON_NAME = AppIcon;
				CODE_SIGN_STYLE = Automatic;
				DEVELOPMENT_TEAM = V23TVJCKP5;
				INFOPLIST_FILE = MyTodoApp/Info.plist;
				LD_RUNPATH_SEARCH_PATHS = "$(inherited) @executable_path/Frameworks";
				PRODUCT_BUNDLE_IDENTIFIER = com.javra.todoapp.MyTodoApp;
				PRODUCT_NAME = "$(TARGET_NAME)";
				SWIFT_VERSION = 4.0;
				TARGETED_DEVICE_FAMILY = "1,2";
			};
			name = Debug;
		};
		73CCBD31205658FE00C9707E /* Release */ = {
			isa = XCBuildConfiguration;
			baseConfigurationReference = FB1C92E61AD4BD71E59DF710 /* Pods-MyTodoApp.release.xcconfig */;
			buildSettings = {
				ASSETCATALOG_COMPILER_APPICON_NAME = AppIcon;
				CODE_SIGN_STYLE = Automatic;
				DEVELOPMENT_TEAM = V23TVJCKP5;
				INFOPLIST_FILE = MyTodoApp/Info.plist;
				LD_RUNPATH_SEARCH_PATHS = "$(inherited) @executable_path/Frameworks";
				PRODUCT_BUNDLE_IDENTIFIER = com.javra.todoapp.MyTodoApp;
				PRODUCT_NAME = "$(TARGET_NAME)";
				SWIFT_VERSION = 4.0;
				TARGETED_DEVICE_FAMILY = "1,2";
			};
			name = Release;
		};
		73CCBD33205658FE00C9707E /* Debug */ = {
			isa = XCBuildConfiguration;
			baseConfigurationReference = 1FC2CD72115B7FBF712BA5AC /* Pods-MyTodoAppTests.debug.xcconfig */;
			buildSettings = {
				ALWAYS_EMBED_SWIFT_STANDARD_LIBRARIES = YES;
				BUNDLE_LOADER = "$(TEST_HOST)";
				CODE_SIGN_STYLE = Automatic;
				DEVELOPMENT_TEAM = V23TVJCKP5;
				INFOPLIST_FILE = MyTodoAppTests/Info.plist;
				LD_RUNPATH_SEARCH_PATHS = "$(inherited) @executable_path/Frameworks @loader_path/Frameworks";
				PRODUCT_BUNDLE_IDENTIFIER = com.javra.todoapp.MyTodoAppTests;
				PRODUCT_NAME = "$(TARGET_NAME)";
				SWIFT_VERSION = 4.0;
				TARGETED_DEVICE_FAMILY = "1,2";
				TEST_HOST = "$(BUILT_PRODUCTS_DIR)/MyTodoApp.app/MyTodoApp";
			};
			name = Debug;
		};
		73CCBD34205658FE00C9707E /* Release */ = {
			isa = XCBuildConfiguration;
			baseConfigurationReference = 8739CF5DFAC63D65332C6475 /* Pods-MyTodoAppTests.release.xcconfig */;
			buildSettings = {
				ALWAYS_EMBED_SWIFT_STANDARD_LIBRARIES = YES;
				BUNDLE_LOADER = "$(TEST_HOST)";
				CODE_SIGN_STYLE = Automatic;
				DEVELOPMENT_TEAM = V23TVJCKP5;
				INFOPLIST_FILE = MyTodoAppTests/Info.plist;
				LD_RUNPATH_SEARCH_PATHS = "$(inherited) @executable_path/Frameworks @loader_path/Frameworks";
				PRODUCT_BUNDLE_IDENTIFIER = com.javra.todoapp.MyTodoAppTests;
				PRODUCT_NAME = "$(TARGET_NAME)";
				SWIFT_VERSION = 4.0;
				TARGETED_DEVICE_FAMILY = "1,2";
				TEST_HOST = "$(BUILT_PRODUCTS_DIR)/MyTodoApp.app/MyTodoApp";
			};
			name = Release;
		};
		73CCBD36205658FE00C9707E /* Debug */ = {
			isa = XCBuildConfiguration;
			baseConfigurationReference = 379C94BD823EC9B511CC0690 /* Pods-MyTodoAppUITests.debug.xcconfig */;
			buildSettings = {
				ALWAYS_EMBED_SWIFT_STANDARD_LIBRARIES = YES;
				CODE_SIGN_STYLE = Automatic;
				DEVELOPMENT_TEAM = V23TVJCKP5;
				INFOPLIST_FILE = MyTodoAppUITests/Info.plist;
				LD_RUNPATH_SEARCH_PATHS = "$(inherited) @executable_path/Frameworks @loader_path/Frameworks";
				PRODUCT_BUNDLE_IDENTIFIER = com.javra.todoapp.MyTodoAppUITests;
				PRODUCT_NAME = "$(TARGET_NAME)";
				SWIFT_VERSION = 4.0;
				TARGETED_DEVICE_FAMILY = "1,2";
				TEST_TARGET_NAME = MyTodoApp;
			};
			name = Debug;
		};
		73CCBD37205658FE00C9707E /* Release */ = {
			isa = XCBuildConfiguration;
			baseConfigurationReference = 64542269FA990D0A61611BD5 /* Pods-MyTodoAppUITests.release.xcconfig */;
			buildSettings = {
				ALWAYS_EMBED_SWIFT_STANDARD_LIBRARIES = YES;
				CODE_SIGN_STYLE = Automatic;
				DEVELOPMENT_TEAM = V23TVJCKP5;
				INFOPLIST_FILE = MyTodoAppUITests/Info.plist;
				LD_RUNPATH_SEARCH_PATHS = "$(inherited) @executable_path/Frameworks @loader_path/Frameworks";
				PRODUCT_BUNDLE_IDENTIFIER = com.javra.todoapp.MyTodoAppUITests;
				PRODUCT_NAME = "$(TARGET_NAME)";
				SWIFT_VERSION = 4.0;
				TARGETED_DEVICE_FAMILY = "1,2";
				TEST_TARGET_NAME = MyTodoApp;
			};
			name = Release;
		};
/* End XCBuildConfiguration section */

/* Begin XCConfigurationList section */
		73CCBD02205658FD00C9707E /* Build configuration list for PBXProject "MyTodoApp" */ = {
			isa = XCConfigurationList;
			buildConfigurations = (
				73CCBD2D205658FE00C9707E /* Debug */,
				73CCBD2E205658FE00C9707E /* Release */,
			);
			defaultConfigurationIsVisible = 0;
			defaultConfigurationName = Release;
		};
		73CCBD2F205658FE00C9707E /* Build configuration list for PBXNativeTarget "MyTodoApp" */ = {
			isa = XCConfigurationList;
			buildConfigurations = (
				73CCBD30205658FE00C9707E /* Debug */,
				73CCBD31205658FE00C9707E /* Release */,
			);
			defaultConfigurationIsVisible = 0;
			defaultConfigurationName = Release;
		};
		73CCBD32205658FE00C9707E /* Build configuration list for PBXNativeTarget "MyTodoAppTests" */ = {
			isa = XCConfigurationList;
			buildConfigurations = (
				73CCBD33205658FE00C9707E /* Debug */,
				73CCBD34205658FE00C9707E /* Release */,
			);
			defaultConfigurationIsVisible = 0;
			defaultConfigurationName = Release;
		};
		73CCBD35205658FE00C9707E /* Build configuration list for PBXNativeTarget "MyTodoAppUITests" */ = {
			isa = XCConfigurationList;
			buildConfigurations = (
				73CCBD36205658FE00C9707E /* Debug */,
				73CCBD37205658FE00C9707E /* Release */,
			);
			defaultConfigurationIsVisible = 0;
			defaultConfigurationName = Release;
		};
/* End XCConfigurationList section */
	};
	rootObject = 73CCBCFF205658FD00C9707E /* Project object */;
}
